// !$*UTF8*$!
{
	archiveVersion = 1;
	classes = {
	};
	objectVersion = 46;
	objects = {

/* Begin PBXBuildFile section */
		016B7CF81611A9D80022FC3D /* MOWordLabel.h in Headers */ = {isa = PBXBuildFile; fileRef = 016B7CF61611A9D80022FC3D /* MOWordLabel.h */; };
		016B7CF91611A9D80022FC3D /* MOWordLabel.m in Sources */ = {isa = PBXBuildFile; fileRef = 016B7CF71611A9D80022FC3D /* MOWordLabel.m */; };
		019D312815C7C6EA001A642A /* MOCompletionTextField.h in Headers */ = {isa = PBXBuildFile; fileRef = 019D311D15C7C6EA001A642A /* MOCompletionTextField.h */; };
		019D312915C7C6EA001A642A /* MOCompletionTextField.m in Sources */ = {isa = PBXBuildFile; fileRef = 019D311E15C7C6EA001A642A /* MOCompletionTextField.m */; };
		019D312A15C7C6EA001A642A /* MOPair.h in Headers */ = {isa = PBXBuildFile; fileRef = 019D311F15C7C6EA001A642A /* MOPair.h */; };
		019D312B15C7C6EA001A642A /* MOPair.m in Sources */ = {isa = PBXBuildFile; fileRef = 019D312015C7C6EA001A642A /* MOPair.m */; };
		019D312C15C7C6EA001A642A /* MOStringTrie.h in Headers */ = {isa = PBXBuildFile; fileRef = 019D312115C7C6EA001A642A /* MOStringTrie.h */; };
		019D312D15C7C6EA001A642A /* MOStringTrie.m in Sources */ = {isa = PBXBuildFile; fileRef = 019D312215C7C6EA001A642A /* MOStringTrie.m */; };
		019D312E15C7C6EA001A642A /* MOWordPicker.h in Headers */ = {isa = PBXBuildFile; fileRef = 019D312315C7C6EA001A642A /* MOWordPicker.h */; };
		019D312F15C7C6EA001A642A /* MOWordPicker.m in Sources */ = {isa = PBXBuildFile; fileRef = 019D312415C7C6EA001A642A /* MOWordPicker.m */; };
		019D313015C7C6EA001A642A /* NSArray+FunctionalStyle.h in Headers */ = {isa = PBXBuildFile; fileRef = 019D312515C7C6EA001A642A /* NSArray+FunctionalStyle.h */; };
		019D313115C7C6EA001A642A /* NSArray+FunctionalStyle.m in Sources */ = {isa = PBXBuildFile; fileRef = 019D312615C7C6EA001A642A /* NSArray+FunctionalStyle.m */; };
		01FDED0515C14D56000011A1 /* Foundation.framework in Frameworks */ = {isa = PBXBuildFile; fileRef = 01FDED0415C14D56000011A1 /* Foundation.framework */; };
/* End PBXBuildFile section */

/* Begin PBXFileReference section */
		01558EC815E7A2A600F7C9B2 /* Warnings.xcconfig */ = {isa = PBXFileReference; fileEncoding = 4; lastKnownFileType = text.xcconfig; path = Warnings.xcconfig; sourceTree = "<group>"; };
		016B7CF61611A9D80022FC3D /* MOWordLabel.h */ = {isa = PBXFileReference; fileEncoding = 4; lastKnownFileType = sourcecode.c.h; name = MOWordLabel.h; path = MOCompletionTextField/MOWordLabel.h; sourceTree = SOURCE_ROOT; };
		016B7CF71611A9D80022FC3D /* MOWordLabel.m */ = {isa = PBXFileReference; fileEncoding = 4; lastKnownFileType = sourcecode.c.objc; name = MOWordLabel.m; path = MOCompletionTextField/MOWordLabel.m; sourceTree = SOURCE_ROOT; };
		019D311D15C7C6EA001A642A /* MOCompletionTextField.h */ = {isa = PBXFileReference; fileEncoding = 4; lastKnownFileType = sourcecode.c.h; name = MOCompletionTextField.h; path = MOCompletionTextField/MOCompletionTextField.h; sourceTree = SOURCE_ROOT; };
		019D311E15C7C6EA001A642A /* MOCompletionTextField.m */ = {isa = PBXFileReference; fileEncoding = 4; lastKnownFileType = sourcecode.c.objc; name = MOCompletionTextField.m; path = MOCompletionTextField/MOCompletionTextField.m; sourceTree = SOURCE_ROOT; };
		019D311F15C7C6EA001A642A /* MOPair.h */ = {isa = PBXFileReference; fileEncoding = 4; lastKnownFileType = sourcecode.c.h; name = MOPair.h; path = MOCompletionTextField/MOPair.h; sourceTree = SOURCE_ROOT; };
		019D312015C7C6EA001A642A /* MOPair.m */ = {isa = PBXFileReference; fileEncoding = 4; lastKnownFileType = sourcecode.c.objc; name = MOPair.m; path = MOCompletionTextField/MOPair.m; sourceTree = SOURCE_ROOT; };
		019D312115C7C6EA001A642A /* MOStringTrie.h */ = {isa = PBXFileReference; fileEncoding = 4; lastKnownFileType = sourcecode.c.h; name = MOStringTrie.h; path = MOCompletionTextField/MOStringTrie.h; sourceTree = SOURCE_ROOT; };
		019D312215C7C6EA001A642A /* MOStringTrie.m */ = {isa = PBXFileReference; fileEncoding = 4; lastKnownFileType = sourcecode.c.objc; name = MOStringTrie.m; path = MOCompletionTextField/MOStringTrie.m; sourceTree = SOURCE_ROOT; };
		019D312315C7C6EA001A642A /* MOWordPicker.h */ = {isa = PBXFileReference; fileEncoding = 4; lastKnownFileType = sourcecode.c.h; name = MOWordPicker.h; path = MOCompletionTextField/MOWordPicker.h; sourceTree = SOURCE_ROOT; };
		019D312415C7C6EA001A642A /* MOWordPicker.m */ = {isa = PBXFileReference; fileEncoding = 4; lastKnownFileType = sourcecode.c.objc; name = MOWordPicker.m; path = MOCompletionTextField/MOWordPicker.m; sourceTree = SOURCE_ROOT; };
		019D312515C7C6EA001A642A /* NSArray+FunctionalStyle.h */ = {isa = PBXFileReference; fileEncoding = 4; lastKnownFileType = sourcecode.c.h; name = "NSArray+FunctionalStyle.h"; path = "MOCompletionTextField/NSArray+FunctionalStyle.h"; sourceTree = SOURCE_ROOT; };
		019D312615C7C6EA001A642A /* NSArray+FunctionalStyle.m */ = {isa = PBXFileReference; fileEncoding = 4; lastKnownFileType = sourcecode.c.objc; name = "NSArray+FunctionalStyle.m"; path = "MOCompletionTextField/NSArray+FunctionalStyle.m"; sourceTree = SOURCE_ROOT; };
		01FDED0115C14D56000011A1 /* libMOCompletionTextField.a */ = {isa = PBXFileReference; explicitFileType = archive.ar; includeInIndex = 0; path = libMOCompletionTextField.a; sourceTree = BUILT_PRODUCTS_DIR; };
		01FDED0415C14D56000011A1 /* Foundation.framework */ = {isa = PBXFileReference; lastKnownFileType = wrapper.framework; name = Foundation.framework; path = System/Library/Frameworks/Foundation.framework; sourceTree = SDKROOT; };
		01FDED2615C15141000011A1 /* UIKit.framework */ = {isa = PBXFileReference; lastKnownFileType = wrapper.framework; name = UIKit.framework; path = System/Library/Frameworks/UIKit.framework; sourceTree = SDKROOT; };
		01FDED2915C15141000011A1 /* CoreGraphics.framework */ = {isa = PBXFileReference; lastKnownFileType = wrapper.framework; name = CoreGraphics.framework; path = System/Library/Frameworks/CoreGraphics.framework; sourceTree = SDKROOT; };
/* End PBXFileReference section */

/* Begin PBXFrameworksBuildPhase section */
		01FDECFE15C14D56000011A1 /* Frameworks */ = {
			isa = PBXFrameworksBuildPhase;
			buildActionMask = 2147483647;
			files = (
				01FDED0515C14D56000011A1 /* Foundation.framework in Frameworks */,
			);
			runOnlyForDeploymentPostprocessing = 0;
		};
/* End PBXFrameworksBuildPhase section */

/* Begin PBXGroup section */
		01FDECF615C14D56000011A1 = {
			isa = PBXGroup;
			children = (
				01FDED0615C14D56000011A1 /* MOCompletionTextField */,
				01FDED0315C14D56000011A1 /* Frameworks */,
				01FDED0215C14D56000011A1 /* Products */,
				01558EC815E7A2A600F7C9B2 /* Warnings.xcconfig */,
			);
			sourceTree = "<group>";
		};
		01FDED0215C14D56000011A1 /* Products */ = {
			isa = PBXGroup;
			children = (
				01FDED0115C14D56000011A1 /* libMOCompletionTextField.a */,
			);
			name = Products;
			sourceTree = "<group>";
		};
		01FDED0315C14D56000011A1 /* Frameworks */ = {
			isa = PBXGroup;
			children = (
				01FDED0415C14D56000011A1 /* Foundation.framework */,
				01FDED2615C15141000011A1 /* UIKit.framework */,
				01FDED2915C15141000011A1 /* CoreGraphics.framework */,
			);
			name = Frameworks;
			sourceTree = "<group>";
		};
		01FDED0615C14D56000011A1 /* MOCompletionTextField */ = {
			isa = PBXGroup;
			children = (
				019D311D15C7C6EA001A642A /* MOCompletionTextField.h */,
				019D311E15C7C6EA001A642A /* MOCompletionTextField.m */,
				019D311F15C7C6EA001A642A /* MOPair.h */,
				019D312015C7C6EA001A642A /* MOPair.m */,
				019D312115C7C6EA001A642A /* MOStringTrie.h */,
				019D312215C7C6EA001A642A /* MOStringTrie.m */,
				019D312315C7C6EA001A642A /* MOWordPicker.h */,
				019D312415C7C6EA001A642A /* MOWordPicker.m */,
				016B7CF61611A9D80022FC3D /* MOWordLabel.h */,
				016B7CF71611A9D80022FC3D /* MOWordLabel.m */,
				019D312515C7C6EA001A642A /* NSArray+FunctionalStyle.h */,
				019D312615C7C6EA001A642A /* NSArray+FunctionalStyle.m */,
				01FDED0715C14D56000011A1 /* Supporting Files */,
			);
			name = MOCompletionTextField;
			path = MOTextFieldWithCompletion;
			sourceTree = "<group>";
		};
		01FDED0715C14D56000011A1 /* Supporting Files */ = {
			isa = PBXGroup;
			children = (
			);
			name = "Supporting Files";
			sourceTree = "<group>";
		};
/* End PBXGroup section */

/* Begin PBXHeadersBuildPhase section */
		01FDECFF15C14D56000011A1 /* Headers */ = {
			isa = PBXHeadersBuildPhase;
			buildActionMask = 2147483647;
			files = (
				019D312815C7C6EA001A642A /* MOCompletionTextField.h in Headers */,
				019D312A15C7C6EA001A642A /* MOPair.h in Headers */,
				019D312C15C7C6EA001A642A /* MOStringTrie.h in Headers */,
				019D312E15C7C6EA001A642A /* MOWordPicker.h in Headers */,
				019D313015C7C6EA001A642A /* NSArray+FunctionalStyle.h in Headers */,
				016B7CF81611A9D80022FC3D /* MOWordLabel.h in Headers */,
			);
			runOnlyForDeploymentPostprocessing = 0;
		};
/* End PBXHeadersBuildPhase section */

/* Begin PBXNativeTarget section */
		01FDED0015C14D56000011A1 /* MOCompletionTextField */ = {
			isa = PBXNativeTarget;
			buildConfigurationList = 01FDED0E15C14D56000011A1 /* Build configuration list for PBXNativeTarget "MOCompletionTextField" */;
			buildPhases = (
				01FDECFD15C14D56000011A1 /* Sources */,
				01FDECFE15C14D56000011A1 /* Frameworks */,
				01FDECFF15C14D56000011A1 /* Headers */,
			);
			buildRules = (
			);
			dependencies = (
			);
			name = MOCompletionTextField;
			productName = MOTextFieldWithCompletion;
			productReference = 01FDED0115C14D56000011A1 /* libMOCompletionTextField.a */;
			productType = "com.apple.product-type.library.static";
		};
/* End PBXNativeTarget section */

/* Begin PBXProject section */
		01FDECF815C14D56000011A1 /* Project object */ = {
			isa = PBXProject;
			attributes = {
				LastUpgradeCheck = 0430;
				ORGANIZATIONNAME = "Monoid - Development and Consulting - Jan Christiansen";
			};
			buildConfigurationList = 01FDECFB15C14D56000011A1 /* Build configuration list for PBXProject "MOCompletionTextField" */;
			compatibilityVersion = "Xcode 3.2";
			developmentRegion = English;
			hasScannedForEncodings = 0;
			knownRegions = (
				en,
			);
			mainGroup = 01FDECF615C14D56000011A1;
			productRefGroup = 01FDED0215C14D56000011A1 /* Products */;
			projectDirPath = "";
			projectRoot = "";
			targets = (
				01FDED0015C14D56000011A1 /* MOCompletionTextField */,
			);
		};
/* End PBXProject section */

/* Begin PBXSourcesBuildPhase section */
		01FDECFD15C14D56000011A1 /* Sources */ = {
			isa = PBXSourcesBuildPhase;
			buildActionMask = 2147483647;
			files = (
				019D312915C7C6EA001A642A /* MOCompletionTextField.m in Sources */,
				019D312B15C7C6EA001A642A /* MOPair.m in Sources */,
				019D312D15C7C6EA001A642A /* MOStringTrie.m in Sources */,
				019D312F15C7C6EA001A642A /* MOWordPicker.m in Sources */,
				019D313115C7C6EA001A642A /* NSArray+FunctionalStyle.m in Sources */,
				016B7CF91611A9D80022FC3D /* MOWordLabel.m in Sources */,
			);
			runOnlyForDeploymentPostprocessing = 0;
		};
/* End PBXSourcesBuildPhase section */

/* Begin XCBuildConfiguration section */
		01FDED0C15C14D56000011A1 /* Debug */ = {
			isa = XCBuildConfiguration;
			baseConfigurationReference = 01558EC815E7A2A600F7C9B2 /* Warnings.xcconfig */;
			buildSettings = {
				ALWAYS_SEARCH_USER_PATHS = NO;
				ARCHS = "$(ARCHS_STANDARD_32_BIT)";
				CLANG_ENABLE_OBJC_ARC = YES;
				COPY_PHASE_STRIP = NO;
				GCC_C_LANGUAGE_STANDARD = gnu99;
				GCC_DYNAMIC_NO_PIC = NO;
				GCC_OPTIMIZATION_LEVEL = 0;
				GCC_PREPROCESSOR_DEFINITIONS = (
					"DEBUG=1",
					"$(inherited)",
				);
				GCC_SYMBOLS_PRIVATE_EXTERN = NO;
				GCC_VERSION = com.apple.compilers.llvm.clang.1_0;
				GCC_WARN_ABOUT_RETURN_TYPE = YES;
				GCC_WARN_UNINITIALIZED_AUTOS = YES;
				GCC_WARN_UNUSED_VARIABLE = YES;
				IPHONEOS_DEPLOYMENT_TARGET = 5.0;
				SDKROOT = iphoneos;
			};
			name = Debug;
		};
		01FDED0D15C14D56000011A1 /* Release */ = {
			isa = XCBuildConfiguration;
			buildSettings = {
				ALWAYS_SEARCH_USER_PATHS = NO;
				ARCHS = "$(ARCHS_STANDARD_32_BIT)";
				CLANG_ENABLE_OBJC_ARC = YES;
				COPY_PHASE_STRIP = YES;
				GCC_C_LANGUAGE_STANDARD = gnu99;
				GCC_VERSION = com.apple.compilers.llvm.clang.1_0;
				GCC_WARN_ABOUT_RETURN_TYPE = YES;
				GCC_WARN_UNINITIALIZED_AUTOS = YES;
				GCC_WARN_UNUSED_VARIABLE = YES;
				IPHONEOS_DEPLOYMENT_TARGET = 5.0;
				SDKROOT = iphoneos;
				VALIDATE_PRODUCT = YES;
			};
			name = Release;
		};
		01FDED0F15C14D56000011A1 /* Debug */ = {
			isa = XCBuildConfiguration;
			buildSettings = {
				DSTROOT = /tmp/MOCompletionTextField.dst;
				GCC_PRECOMPILE_PREFIX_HEADER = YES;
				GCC_PREFIX_HEADER = "MOCompletionTextField/MOCompletionTextField-Prefix.pch";
				OTHER_LDFLAGS = "-ObjC";
				PRODUCT_NAME = "$(TARGET_NAME)";
				SKIP_INSTALL = YES;
			};
			name = Debug;
		};
		01FDED1015C14D56000011A1 /* Release */ = {
			isa = XCBuildConfiguration;
			buildSettings = {
				DSTROOT = /tmp/MOCompletionTextField.dst;
				GCC_PRECOMPILE_PREFIX_HEADER = YES;
				GCC_PREFIX_HEADER = "MOCompletionTextField/MOCompletionTextField-Prefix.pch";
				OTHER_LDFLAGS = "-ObjC";
				PRODUCT_NAME = "$(TARGET_NAME)";
				SKIP_INSTALL = YES;
			};
			name = Release;
		};
/* End XCBuildConfiguration section */

/* Begin XCConfigurationList section */
		01FDECFB15C14D56000011A1 /* Build configuration list for PBXProject "MOCompletionTextField" */ = {
			isa = XCConfigurationList;
			buildConfigurations = (
				01FDED0C15C14D56000011A1 /* Debug */,
				01FDED0D15C14D56000011A1 /* Release */,
			);
			defaultConfigurationIsVisible = 0;
			defaultConfigurationName = Release;
		};
		01FDED0E15C14D56000011A1 /* Build configuration list for PBXNativeTarget "MOCompletionTextField" */ = {
			isa = XCConfigurationList;
			buildConfigurations = (
				01FDED0F15C14D56000011A1 /* Debug */,
				01FDED1015C14D56000011A1 /* Release */,
			);
			defaultConfigurationIsVisible = 0;
			defaultConfigurationName = Release;
		};
/* End XCConfigurationList section */
	};
	rootObject = 01FDECF815C14D56000011A1 /* Project object */;
}
